# THIS IS AN AUTOGENERATED FILE. DO NOT EDIT THIS FILE DIRECTLY.
# yarn lockfile v1


"@cloudflare/kv-asset-handler@^0.1.3":
  version "0.1.3"
  resolved "https://registry.yarnpkg.com/@cloudflare/kv-asset-handler/-/kv-asset-handler-0.1.3.tgz#3eaaf962b16c48a7189db5d5ac1c4dca4e2ed1a0"
  integrity sha512-FNcunDuTmEfQTLRLtA6zz+buIXUHj1soPvSWzzQFBC+n2lsy+CGf/NIrR3SEPCmsVNQj70/Jx2lViCpq+09YpQ==
  dependencies:
    mime "^2.5.2"

"@remix-run/cloudflare@^1.17.1":
  version "1.17.1"
  resolved "https://registry.yarnpkg.com/@remix-run/cloudflare/-/cloudflare-1.17.1.tgz#afa2c552616d21f8aba4c3a50996936faafed8dd"
  integrity sha512-zPubGaHVh4eMhgsAtvYJb/krHcNTqPjP251EsOtE4KXXucCTyQZjUzq9gOf+w21+dPnjQyW8p7LBMp8PuQehzw==
  dependencies:
    "@cloudflare/kv-asset-handler" "^0.1.3"
    "@remix-run/server-runtime" "1.17.1"

"@remix-run/react@^1.17.1":
  version "1.17.1"
  resolved "https://registry.yarnpkg.com/@remix-run/react/-/react-1.17.1.tgz#193e0569ad86af9b308cba06a81e3a513458b617"
  integrity sha512-KDrkVkIFeDfn1xW3L8lqe0VlG7KsngdUKz09FSc9e3zYvJJV4ix998Y0qpfkDp/OnLFy2FtHzkh7c3OMnpOBnA==
  dependencies:
    "@remix-run/router" "1.6.3"
    react-router-dom "6.13.0"

"@remix-run/router@1.6.3":
  version "1.6.3"
  resolved "https://registry.yarnpkg.com/@remix-run/router/-/router-1.6.3.tgz#8205baf6e17ef93be35bf62c37d2d594e9be0dad"
  integrity sha512-EXJysQ7J3veRECd0kZFQwYYd5sJMcq2O/m60zu1W2l3oVQ9xtub8jTOtYRE0+M2iomyG/W3Ps7+vp2kna0C27Q==

"@remix-run/server-runtime@1.17.1":
  version "1.17.1"
  resolved "https://registry.yarnpkg.com/@remix-run/server-runtime/-/server-runtime-1.17.1.tgz#620ac5eb514737f2937051f8d91c8d5a021f0beb"
  integrity sha512-PuLDaf7WmrOaQzM70yCcM6Jm+g+UHzeBFvocxdqohJnO/8+/n5pFIKHwhooqcSq2TR0WtVpSVhCakdywiOH2mA==
  dependencies:
    "@remix-run/router" "1.6.3"
    "@web3-storage/multipart-parser" "^1.0.0"
    cookie "^0.4.1"
    set-cookie-parser "^2.4.8"
    source-map "^0.7.3"

"@types/cookie@^0.5.1":
  version "0.5.1"
  resolved "https://registry.yarnpkg.com/@types/cookie/-/cookie-0.5.1.tgz#b29aa1f91a59f35e29ff8f7cb24faf1a3a750554"
  integrity sha512-COUnqfB2+ckwXXSFInsFdOAWQzCCx+a5hq2ruyj+Vjund94RJQd4LG2u9hnvJrTgunKAaax7ancBYlDrNYxA0g==

"@types/prop-types@*":
  version "15.7.5"
  resolved "https://registry.yarnpkg.com/@types/prop-types/-/prop-types-15.7.5.tgz#5f19d2b85a98e9558036f6a3cacc8819420f05cf"
  integrity sha512-JCB8C6SnDoQf0cNycqd/35A7MjcnK+ZTqE7judS6o7utxUCg6imJg3QK2qzHKszlTjcj2cn+NwMB2i96ubpj7w==

"@types/react@^18.2.14":
  version "18.2.14"
  resolved "https://registry.yarnpkg.com/@types/react/-/react-18.2.14.tgz#fa7a6fecf1ce35ca94e74874f70c56ce88f7a127"
  integrity sha512-A0zjq+QN/O0Kpe30hA1GidzyFjatVvrpIvWLxD+xv67Vt91TWWgco9IvrJBkeyHm1trGaFS/FSGqPlhyeZRm0g==
  dependencies:
    "@types/prop-types" "*"
    "@types/scheduler" "*"
    csstype "^3.0.2"

"@types/scheduler@*":
  version "0.16.3"
  resolved "https://registry.yarnpkg.com/@types/scheduler/-/scheduler-0.16.3.tgz#cef09e3ec9af1d63d2a6cc5b383a737e24e6dcf5"
  integrity sha512-5cJ8CB4yAx7BH1oMvdU0Jh9lrEXyPkar6F9G/ERswkCuvP4KQZfZkSjcMbAICCpQTN4OuZn8tz0HiKv9TGZgrQ==

"@web3-storage/multipart-parser@^1.0.0":
  version "1.0.0"
  resolved "https://registry.yarnpkg.com/@web3-storage/multipart-parser/-/multipart-parser-1.0.0.tgz#6b69dc2a32a5b207ba43e556c25cc136a56659c4"
  integrity sha512-BEO6al7BYqcnfX15W2cnGR+Q566ACXAT9UQykORCWW80lmkpWsnEob6zJS1ZVBKsSJC8+7vJkHwlp+lXG1UCdw==

argparse@^2.0.1:
  version "2.0.1"
  resolved "https://registry.yarnpkg.com/argparse/-/argparse-2.0.1.tgz#246f50f3ca78a3240f6c997e8a9bd1eac49e4b38"
  integrity sha512-8+9WqebbFzpX9OR+Wa6O29asIogeRMzcGtAINdpMHHyAg10f05aSFVBbcEqGf/PXw1EjAZ+q2/bEBg3DvurK3Q==

cookie@^0.4.1:
  version "0.4.2"
  resolved "https://registry.yarnpkg.com/cookie/-/cookie-0.4.2.tgz#0e41f24de5ecf317947c82fc789e06a884824432"
  integrity sha512-aSWTXFzaKWkvHO1Ny/s+ePFpvKsPnjc551iI41v3ny/ow6tBG5Vd+FuqGNhh1LxOmVzOlGUriIlOaokOvhaStA==

csstype@^3.0.2:
  version "3.1.2"
  resolved "https://registry.yarnpkg.com/csstype/-/csstype-3.1.2.tgz#1d4bf9d572f11c14031f0436e1c10bc1f571f50b"
  integrity sha512-I7K1Uu0MBPzaFKg4nI5Q7Vs2t+3gWWW648spaF+Rg7pI9ds18Ugn+lvg4SHczUdKlHI5LWBXyqfS8+DufyBsgQ==

"js-tokens@^3.0.0 || ^4.0.0":
  version "4.0.0"
  resolved "https://registry.yarnpkg.com/js-tokens/-/js-tokens-4.0.0.tgz#19203fb59991df98e3a287050d4647cdeaf32499"
  integrity sha512-RdJUflcE3cUzKiMqQgsCu06FPu9UdIJO0beYbPhHN4k6apgJtifcoCtT9bcxOpYBtpD2kCM6Sbzg4CausW/PKQ==

js-yaml@^4.1.0:
  version "4.1.0"
  resolved "https://registry.yarnpkg.com/js-yaml/-/js-yaml-4.1.0.tgz#c1fb65f8f5017901cdd2c951864ba18458a10602"
  integrity sha512-wpxZs9NoxZaJESJGIZTyDEaYpl0FKSA+FB9aJiyemKhMwkxQg63h4T1KJgUGHpTqPDNRcmmYLugrRjJlBtWvRA==
  dependencies:
    argparse "^2.0.1"

loose-envify@^1.1.0:
  version "1.4.0"
  resolved "https://registry.yarnpkg.com/loose-envify/-/loose-envify-1.4.0.tgz#71ee51fa7be4caec1a63839f7e682d8132d30caf"
  integrity sha512-lyuxPGr/Wfhrlem2CL/UcnUc1zcqKAImBDzukY7Y5F/yQiNdko6+fRLevlw1HgMySw7f611UIY408EtxRSoK3Q==
  dependencies:
    js-tokens "^3.0.0 || ^4.0.0"

mime@^2.5.2:
  version "2.6.0"
  resolved "https://registry.yarnpkg.com/mime/-/mime-2.6.0.tgz#a2a682a95cd4d0cb1d6257e28f83da7e35800367"
  integrity sha512-USPkMeET31rOMiarsBNIHZKLGgvKc/LrjofAnBlOttf5ajRvqiRA8QsenbcooctK6d6Ts6aqZXBA+XbkKthiQg==

minimist@^1.2.8:
  version "1.2.8"
  resolved "https://registry.yarnpkg.com/minimist/-/minimist-1.2.8.tgz#c1a464e7693302e082a075cee0c057741ac4772c"
  integrity sha512-2yyAR8qBkN3YuheJanUpWC5U3bb5osDywNB8RzDVlDwDHbocAJveqqj1u8+SVD7jkWT4yvsHCpWqqWqAxb0zCA==

react-dom@^18.2.0:
  version "18.2.0"
  resolved "https://registry.yarnpkg.com/react-dom/-/react-dom-18.2.0.tgz#22aaf38708db2674ed9ada224ca4aa708d821e3d"
  integrity sha512-6IMTriUmvsjHUjNtEDudZfuDQUoWXVxKHhlEGSk81n4YFS+r/Kl99wXiwlVXtPBtJenozv2P+hxDsw9eA7Xo6g==
  dependencies:
    loose-envify "^1.1.0"
    scheduler "^0.23.0"

react-router-dom@6.13.0:
  version "6.13.0"
  resolved "https://registry.yarnpkg.com/react-router-dom/-/react-router-dom-6.13.0.tgz#6651f456bb2af42ef14f6880123b1f575539e81f"
  integrity sha512-6Nqoqd7fgwxxVGdbiMHTpDHCYPq62d7Wk1Of7B82vH7ZPwwsRaIa22zRZKPPg413R5REVNiyuQPKDG1bubcOFA==
  dependencies:
    "@remix-run/router" "1.6.3"
    react-router "6.13.0"

react-router@6.13.0:
  version "6.13.0"
  resolved "https://registry.yarnpkg.com/react-router/-/react-router-6.13.0.tgz#7e4427a271dae0cafbdb88c56ccbd9b1434ee93f"
  integrity sha512-Si6KnfEnJw7gUQkNa70dlpI1bul46FuSxX5t5WwlUBxE25DAz2BjVkwaK8Y2s242bQrZPXCpmwLPtIO5pv4tXg==
  dependencies:
    "@remix-run/router" "1.6.3"

react@^18.2.0:
  version "18.2.0"
  resolved "https://registry.yarnpkg.com/react/-/react-18.2.0.tgz#555bd98592883255fa00de14f1151a917b5d77d5"
  integrity sha512-/3IjMdb2L9QbBdWiW5e3P2/npwMBaU9mHCSCUzNln0ZCYbcfTsGbTJrU/kGemdH2IWmB2ioZ+zkxtmq6g09fGQ==
  dependencies:
    loose-envify "^1.1.0"

scheduler@^0.23.0:
  version "0.23.0"
  resolved "https://registry.yarnpkg.com/scheduler/-/scheduler-0.23.0.tgz#ba8041afc3d30eb206a487b6b384002e4e61fdfe"
  integrity sha512-CtuThmgHNg7zIZWAXi3AsyIzA3n4xx7aNyjwC2VJldO2LMVDhFK+63xGqq6CsJH4rTAt6/M+N4GhZiDYPx9eUw==
  dependencies:
    loose-envify "^1.1.0"

set-cookie-parser@^2.4.8:
  version "2.6.0"
  resolved "https://registry.yarnpkg.com/set-cookie-parser/-/set-cookie-parser-2.6.0.tgz#131921e50f62ff1a66a461d7d62d7b21d5d15a51"
  integrity sha512-RVnVQxTXuerk653XfuliOxBP81Sf0+qfQE73LIYKcyMYHG94AuH0kgrQpRDuTZnSmjpysHmzxJXKNfa6PjFhyQ==

source-map@^0.7.3:
  version "0.7.4"
  resolved "https://registry.yarnpkg.com/source-map/-/source-map-0.7.4.tgz#a9bbe705c9d8846f4e08ff6765acf0f1b0898656"
  integrity sha512-l3BikUxvPOcn5E74dZiq5BGsTb5yEwhaTSzccU6t4sDOH8NWJCstKO5QT2CvtFoK6F0saL7p9xHAqHOlCPJygA==

typescript@^5.1.3:
  version "5.1.3"
  resolved "https://registry.yarnpkg.com/typescript/-/typescript-5.1.3.tgz#8d84219244a6b40b6fb2b33cc1c062f715b9e826"
  integrity sha512-XH627E9vkeqhlZFQuL+UsyAXEnibT0kWR2FWONlr4sTjvxyJYnyefgrkyECLzM5NenmKzRAy2rR/OlYLA1HkZw==
